// !$*UTF8*$!
{
	archiveVersion = 1;
	classes = {
	};
	objectVersion = 56;
	objects = {

/* Begin PBXBuildFile section */
		B8A1001A2B7B1A7000123456 /* BottleKeepApp.swift in Sources */ = {isa = PBXBuildFile; fileRef = B8A100192B7B1A7000123456 /* BottleKeepApp.swift */; };
		B8A1001C2B7B1A7000123457 /* ContentView.swift in Sources */ = {isa = PBXBuildFile; fileRef = B8A1001B2B7B1A7000123457 /* ContentView.swift */; };
		B8A1001E2B7B1A7200123458 /* Assets.xcassets in Resources */ = {isa = PBXBuildFile; fileRef = B8A1001D2B7B1A7200123458 /* Assets.xcassets */; };
		B8A100212B7B1A7200123459 /* Preview Assets.xcassets in Resources */ = {isa = PBXBuildFile; fileRef = B8A100202B7B1A7200123459 /* Preview Assets.xcassets */; };
		B8A100232B7B1A7200123460 /* BottleKeep.xcdatamodeld in Sources */ = {isa = PBXBuildFile; fileRef = B8A100222B7B1A7200123460 /* BottleKeep.xcdatamodeld */; };
		B8A100252B7B1A7200123461 /* Bottle+CoreDataClass.swift in Sources */ = {isa = PBXBuildFile; fileRef = B8A100242B7B1A7200123461 /* Bottle+CoreDataClass.swift */; };
		B8A100262B7B1A7200123462 /* Bottle+CoreDataProperties.swift in Sources */ = {isa = PBXBuildFile; fileRef = B8A100252B7B1A7200123462 /* Bottle+CoreDataProperties.swift */; };
		B8A100272B7B1A7200123463 /* BottlePhoto+CoreDataClass.swift in Sources */ = {isa = PBXBuildFile; fileRef = B8A100262B7B1A7200123463 /* BottlePhoto+CoreDataClass.swift */; };
		B8A100282B7B1A7200123464 /* BottlePhoto+CoreDataProperties.swift in Sources */ = {isa = PBXBuildFile; fileRef = B8A100272B7B1A7200123464 /* BottlePhoto+CoreDataProperties.swift */; };
		B8A100292B7B1A7200123465 /* WishlistItem+CoreDataClass.swift in Sources */ = {isa = PBXBuildFile; fileRef = B8A100282B7B1A7200123465 /* WishlistItem+CoreDataClass.swift */; };
		B8A1002A2B7B1A7200123466 /* WishlistItem+CoreDataProperties.swift in Sources */ = {isa = PBXBuildFile; fileRef = B8A100292B7B1A7200123466 /* WishlistItem+CoreDataProperties.swift */; };
		B8A1002B2B7B1A7200123467 /* BottleRepository.swift in Sources */ = {isa = PBXBuildFile; fileRef = B8A1002A2B7B1A7200123467 /* BottleRepository.swift */; };
		B8A1002C2B7B1A7200123468 /* BottleRepositoryProtocol.swift in Sources */ = {isa = PBXBuildFile; fileRef = B8A1002B2B7B1A7200123468 /* BottleRepositoryProtocol.swift */; };
		B8A1002D2B7B1A7200123469 /* WishlistRepository.swift in Sources */ = {isa = PBXBuildFile; fileRef = B8A1002C2B7B1A7200123469 /* WishlistRepository.swift */; };
		B8A1002E2B7B1A7200123470 /* WishlistRepositoryProtocol.swift in Sources */ = {isa = PBXBuildFile; fileRef = B8A1002D2B7B1A7200123470 /* WishlistRepositoryProtocol.swift */; };
		B8A1002F2B7B1A7200123471 /* AdvancedSearchManager.swift in Sources */ = {isa = PBXBuildFile; fileRef = B8A1002E2B7B1A7200123471 /* AdvancedSearchManager.swift */; };
		B8A100302B7B1A7200123472 /* BackupManager.swift in Sources */ = {isa = PBXBuildFile; fileRef = B8A1002F2B7B1A7200123472 /* BackupManager.swift */; };
		B8A100312B7B1A7200123473 /* BarcodeScannerManager.swift in Sources */ = {isa = PBXBuildFile; fileRef = B8A100302B7B1A7200123473 /* BarcodeScannerManager.swift */; };
		B8A100322B7B1A7200123474 /* CoreDataManager.swift in Sources */ = {isa = PBXBuildFile; fileRef = B8A100312B7B1A7200123474 /* CoreDataManager.swift */; };
		B8A100332B7B1A7200123475 /* DataExportImportManager.swift in Sources */ = {isa = PBXBuildFile; fileRef = B8A100322B7B1A7200123475 /* DataExportImportManager.swift */; };
		B8A100342B7B1A7200123476 /* DIContainer.swift in Sources */ = {isa = PBXBuildFile; fileRef = B8A100332B7B1A7200123476 /* DIContainer.swift */; };
		B8A100352B7B1A7200123477 /* NotificationManager.swift in Sources */ = {isa = PBXBuildFile; fileRef = B8A100342B7B1A7200123477 /* NotificationManager.swift */; };
		B8A100362B7B1A7200123478 /* PhotoManager.swift in Sources */ = {isa = PBXBuildFile; fileRef = B8A100352B7B1A7200123478 /* PhotoManager.swift */; };
		B8A100372B7B1A7200123479 /* SharingManager.swift in Sources */ = {isa = PBXBuildFile; fileRef = B8A100362B7B1A7200123479 /* SharingManager.swift */; };
		B8A100382B7B1A7200123480 /* WatchConnectivityManager.swift in Sources */ = {isa = PBXBuildFile; fileRef = B8A100372B7B1A7200123480 /* WatchConnectivityManager.swift */; };
		B8A100392B7B1A7200123481 /* BottleDetailViewModel.swift in Sources */ = {isa = PBXBuildFile; fileRef = B8A100382B7B1A7200123481 /* BottleDetailViewModel.swift */; };
		B8A1003A2B7B1A7200123482 /* BottleFormViewModel.swift in Sources */ = {isa = PBXBuildFile; fileRef = B8A100392B7B1A7200123482 /* BottleFormViewModel.swift */; };
		B8A1003B2B7B1A7200123483 /* BottleListViewModel.swift in Sources */ = {isa = PBXBuildFile; fileRef = B8A1003A2B7B1A7200123483 /* BottleListViewModel.swift */; };
		B8A1003C2B7B1A7200123484 /* StatisticsViewModel.swift in Sources */ = {isa = PBXBuildFile; fileRef = B8A1003B2B7B1A7200123484 /* StatisticsViewModel.swift */; };
		B8A1003D2B7B1A7200123485 /* WishlistViewModel.swift in Sources */ = {isa = PBXBuildFile; fileRef = B8A1003C2B7B1A7200123485 /* WishlistViewModel.swift */; };
		B8A1003E2B7B1A7200123486 /* AccessibilitySettingsView.swift in Sources */ = {isa = PBXBuildFile; fileRef = B8A1003D2B7B1A7200123486 /* AccessibilitySettingsView.swift */; };
		B8A1003F2B7B1A7200123487 /* AdvancedSearchView.swift in Sources */ = {isa = PBXBuildFile; fileRef = B8A1003E2B7B1A7200123487 /* AdvancedSearchView.swift */; };
		B8A100402B7B1A7200123488 /* AppearanceSettingsView.swift in Sources */ = {isa = PBXBuildFile; fileRef = B8A1003F2B7B1A7200123488 /* AppearanceSettingsView.swift */; };
		B8A100412B7B1A7200123489 /* BottleDetailView.swift in Sources */ = {isa = PBXBuildFile; fileRef = B8A100402B7B1A7200123489 /* BottleDetailView.swift */; };
		B8A100422B7B1A7200123490 /* BottleFormView.swift in Sources */ = {isa = PBXBuildFile; fileRef = B8A100412B7B1A7200123490 /* BottleFormView.swift */; };
		B8A100432B7B1A7200123491 /* BottleListView.swift in Sources */ = {isa = PBXBuildFile; fileRef = B8A100422B7B1A7200123491 /* BottleListView.swift */; };
		B8A100442B7B1A7200123492 /* FilterOptionsView.swift in Sources */ = {isa = PBXBuildFile; fileRef = B8A100432B7B1A7200123492 /* FilterOptionsView.swift */; };
		B8A100452B7B1A7200123493 /* NotificationSettingsView.swift in Sources */ = {isa = PBXBuildFile; fileRef = B8A100442B7B1A7200123493 /* NotificationSettingsView.swift */; };
		B8A100462B7B1A7200123494 /* SettingsView.swift in Sources */ = {isa = PBXBuildFile; fileRef = B8A100452B7B1A7200123494 /* SettingsView.swift */; };
		B8A100472B7B1A7200123495 /* StatisticsView.swift in Sources */ = {isa = PBXBuildFile; fileRef = B8A100462B7B1A7200123495 /* StatisticsView.swift */; };
		B8A100482B7B1A7200123496 /* WishlistView.swift in Sources */ = {isa = PBXBuildFile; fileRef = B8A100472B7B1A7200123496 /* WishlistView.swift */; };
/* End PBXBuildFile section */

/* Begin PBXFileReference section */
		B8A100162B7B1A7000123450 /* BottleKeep.app */ = {isa = PBXFileReference; explicitFileType = wrapper.application; includeInIndex = 0; path = BottleKeep.app; sourceTree = BUILT_PRODUCTS_DIR; };
		B8A100192B7B1A7000123456 /* BottleKeepApp.swift */ = {isa = PBXFileReference; lastKnownFileType = sourcecode.swift; path = BottleKeepApp.swift; sourceTree = "<group>"; };
		B8A1001B2B7B1A7000123457 /* ContentView.swift */ = {isa = PBXFileReference; lastKnownFileType = sourcecode.swift; path = ContentView.swift; sourceTree = "<group>"; };
		B8A1001D2B7B1A7200123458 /* Assets.xcassets */ = {isa = PBXFileReference; lastKnownFileType = folder.assetcatalog; path = Assets.xcassets; sourceTree = "<group>"; };
		B8A100202B7B1A7200123459 /* Preview Assets.xcassets */ = {isa = PBXFileReference; lastKnownFileType = folder.assetcatalog; path = "Preview Assets.xcassets"; sourceTree = "<group>"; };
		B8A100222B7B1A7200123460 /* BottleKeep.xcdatamodeld */ = {isa = PBXFileReference; lastKnownFileType = wrapper.xcdatamodel; path = BottleKeep.xcdatamodeld; sourceTree = "<group>"; };
		B8A100242B7B1A7200123461 /* Bottle+CoreDataClass.swift */ = {isa = PBXFileReference; lastKnownFileType = sourcecode.swift; path = "Bottle+CoreDataClass.swift"; sourceTree = "<group>"; };
		B8A100252B7B1A7200123462 /* Bottle+CoreDataProperties.swift */ = {isa = PBXFileReference; lastKnownFileType = sourcecode.swift; path = "Bottle+CoreDataProperties.swift"; sourceTree = "<group>"; };
		B8A100262B7B1A7200123463 /* BottlePhoto+CoreDataClass.swift */ = {isa = PBXFileReference; lastKnownFileType = sourcecode.swift; path = "BottlePhoto+CoreDataClass.swift"; sourceTree = "<group>"; };
		B8A100272B7B1A7200123464 /* BottlePhoto+CoreDataProperties.swift */ = {isa = PBXFileReference; lastKnownFileType = sourcecode.swift; path = "BottlePhoto+CoreDataProperties.swift"; sourceTree = "<group>"; };
		B8A100282B7B1A7200123465 /* WishlistItem+CoreDataClass.swift */ = {isa = PBXFileReference; lastKnownFileType = sourcecode.swift; path = "WishlistItem+CoreDataClass.swift"; sourceTree = "<group>"; };
		B8A100292B7B1A7200123466 /* WishlistItem+CoreDataProperties.swift */ = {isa = PBXFileReference; lastKnownFileType = sourcecode.swift; path = "WishlistItem+CoreDataProperties.swift"; sourceTree = "<group>"; };
		B8A1002A2B7B1A7200123467 /* BottleRepository.swift */ = {isa = PBXFileReference; lastKnownFileType = sourcecode.swift; path = BottleRepository.swift; sourceTree = "<group>"; };
		B8A1002B2B7B1A7200123468 /* BottleRepositoryProtocol.swift */ = {isa = PBXFileReference; lastKnownFileType = sourcecode.swift; path = BottleRepositoryProtocol.swift; sourceTree = "<group>"; };
		B8A1002C2B7B1A7200123469 /* WishlistRepository.swift */ = {isa = PBXFileReference; lastKnownFileType = sourcecode.swift; path = WishlistRepository.swift; sourceTree = "<group>"; };
		B8A1002D2B7B1A7200123470 /* WishlistRepositoryProtocol.swift */ = {isa = PBXFileReference; lastKnownFileType = sourcecode.swift; path = WishlistRepositoryProtocol.swift; sourceTree = "<group>"; };
		B8A1002E2B7B1A7200123471 /* AdvancedSearchManager.swift */ = {isa = PBXFileReference; lastKnownFileType = sourcecode.swift; path = AdvancedSearchManager.swift; sourceTree = "<group>"; };
		B8A1002F2B7B1A7200123472 /* BackupManager.swift */ = {isa = PBXFileReference; lastKnownFileType = sourcecode.swift; path = BackupManager.swift; sourceTree = "<group>"; };
		B8A100302B7B1A7200123473 /* BarcodeScannerManager.swift */ = {isa = PBXFileReference; lastKnownFileType = sourcecode.swift; path = BarcodeScannerManager.swift; sourceTree = "<group>"; };
		B8A100312B7B1A7200123474 /* CoreDataManager.swift */ = {isa = PBXFileReference; lastKnownFileType = sourcecode.swift; path = CoreDataManager.swift; sourceTree = "<group>"; };
		B8A100322B7B1A7200123475 /* DataExportImportManager.swift */ = {isa = PBXFileReference; lastKnownFileType = sourcecode.swift; path = DataExportImportManager.swift; sourceTree = "<group>"; };
		B8A100332B7B1A7200123476 /* DIContainer.swift */ = {isa = PBXFileReference; lastKnownFileType = sourcecode.swift; path = DIContainer.swift; sourceTree = "<group>"; };
		B8A100342B7B1A7200123477 /* NotificationManager.swift */ = {isa = PBXFileReference; lastKnownFileType = sourcecode.swift; path = NotificationManager.swift; sourceTree = "<group>"; };
		B8A100352B7B1A7200123478 /* PhotoManager.swift */ = {isa = PBXFileReference; lastKnownFileType = sourcecode.swift; path = PhotoManager.swift; sourceTree = "<group>"; };
		B8A100362B7B1A7200123479 /* SharingManager.swift */ = {isa = PBXFileReference; lastKnownFileType = sourcecode.swift; path = SharingManager.swift; sourceTree = "<group>"; };
		B8A100372B7B1A7200123480 /* WatchConnectivityManager.swift */ = {isa = PBXFileReference; lastKnownFileType = sourcecode.swift; path = WatchConnectivityManager.swift; sourceTree = "<group>"; };
		B8A100382B7B1A7200123481 /* BottleDetailViewModel.swift */ = {isa = PBXFileReference; lastKnownFileType = sourcecode.swift; path = BottleDetailViewModel.swift; sourceTree = "<group>"; };
		B8A100392B7B1A7200123482 /* BottleFormViewModel.swift */ = {isa = PBXFileReference; lastKnownFileType = sourcecode.swift; path = BottleFormViewModel.swift; sourceTree = "<group>"; };
		B8A1003A2B7B1A7200123483 /* BottleListViewModel.swift */ = {isa = PBXFileReference; lastKnownFileType = sourcecode.swift; path = BottleListViewModel.swift; sourceTree = "<group>"; };
		B8A1003B2B7B1A7200123484 /* StatisticsViewModel.swift */ = {isa = PBXFileReference; lastKnownFileType = sourcecode.swift; path = StatisticsViewModel.swift; sourceTree = "<group>"; };
		B8A1003C2B7B1A7200123485 /* WishlistViewModel.swift */ = {isa = PBXFileReference; lastKnownFileType = sourcecode.swift; path = WishlistViewModel.swift; sourceTree = "<group>"; };
		B8A1003D2B7B1A7200123486 /* AccessibilitySettingsView.swift */ = {isa = PBXFileReference; lastKnownFileType = sourcecode.swift; path = AccessibilitySettingsView.swift; sourceTree = "<group>"; };
		B8A1003E2B7B1A7200123487 /* AdvancedSearchView.swift */ = {isa = PBXFileReference; lastKnownFileType = sourcecode.swift; path = AdvancedSearchView.swift; sourceTree = "<group>"; };
		B8A1003F2B7B1A7200123488 /* AppearanceSettingsView.swift */ = {isa = PBXFileReference; lastKnownFileType = sourcecode.swift; path = AppearanceSettingsView.swift; sourceTree = "<group>"; };
		B8A100402B7B1A7200123489 /* BottleDetailView.swift */ = {isa = PBXFileReference; lastKnownFileType = sourcecode.swift; path = BottleDetailView.swift; sourceTree = "<group>"; };
		B8A100412B7B1A7200123490 /* BottleFormView.swift */ = {isa = PBXFileReference; lastKnownFileType = sourcecode.swift; path = BottleFormView.swift; sourceTree = "<group>"; };
		B8A100422B7B1A7200123491 /* BottleListView.swift */ = {isa = PBXFileReference; lastKnownFileType = sourcecode.swift; path = BottleListView.swift; sourceTree = "<group>"; };
		B8A100432B7B1A7200123492 /* FilterOptionsView.swift */ = {isa = PBXFileReference; lastKnownFileType = sourcecode.swift; path = FilterOptionsView.swift; sourceTree = "<group>"; };
		B8A100442B7B1A7200123493 /* NotificationSettingsView.swift */ = {isa = PBXFileReference; lastKnownFileType = sourcecode.swift; path = NotificationSettingsView.swift; sourceTree = "<group>"; };
		B8A100452B7B1A7200123494 /* SettingsView.swift */ = {isa = PBXFileReference; lastKnownFileType = sourcecode.swift; path = SettingsView.swift; sourceTree = "<group>"; };
		B8A100462B7B1A7200123495 /* StatisticsView.swift */ = {isa = PBXFileReference; lastKnownFileType = sourcecode.swift; path = StatisticsView.swift; sourceTree = "<group>"; };
		B8A100472B7B1A7200123496 /* WishlistView.swift */ = {isa = PBXFileReference; lastKnownFileType = sourcecode.swift; path = WishlistView.swift; sourceTree = "<group>"; };
		B8A100492B7B1A7200123497 /* Info.plist */ = {isa = PBXFileReference; lastKnownFileType = text.plist.xml; path = Info.plist; sourceTree = "<group>"; };
/* End PBXFileReference section */

/* Begin PBXFrameworksBuildPhase section */
		B8A100132B7B1A7000123453 /* Frameworks */ = {
			isa = PBXFrameworksBuildPhase;
			buildActionMask = 2147483647;
			files = (
			);
			runOnlyForDeploymentPostprocessing = 0;
		};
/* End PBXFrameworksBuildPhase section */

/* Begin PBXGroup section */
		B8A1000D2B7B1A7000123451 = {
			isa = PBXGroup;
			children = (
				B8A100182B7B1A7000123455 /* BottleKeep */,
				B8A100172B7B1A7000123454 /* Products */,
			);
			sourceTree = "<group>";
		};
		B8A100172B7B1A7000123454 /* Products */ = {
			isa = PBXGroup;
			children = (
				B8A100162B7B1A7000123450 /* BottleKeep.app */,
			);
			name = Products;
			sourceTree = "<group>";
		};
		B8A100182B7B1A7000123455 /* BottleKeep */ = {
			isa = PBXGroup;
			children = (
				B8A100492B7B1A7200123497 /* Info.plist */,
				B8A1004A2B7B1A7200123498 /* App */,
				B8A1004B2B7B1A7200123499 /* Models */,
				B8A1004C2B7B1A7200123500 /* Repositories */,
				B8A1004D2B7B1A7200123501 /* Services */,
				B8A1004E2B7B1A7200123502 /* ViewModels */,
				B8A1004F2B7B1A7200123503 /* Views */,
				B8A1001D2B7B1A7200123458 /* Assets.xcassets */,
				B8A100222B7B1A7200123460 /* BottleKeep.xcdatamodeld */,
				B8A1001F2B7B1A7200123504 /* Preview Content */,
			);
			path = BottleKeep;
			sourceTree = "<group>";
		};
		B8A1001F2B7B1A7200123504 /* Preview Content */ = {
			isa = PBXGroup;
			children = (
				B8A100202B7B1A7200123459 /* Preview Assets.xcassets */,
			);
			path = "Preview Content";
			sourceTree = "<group>";
		};
		B8A1004A2B7B1A7200123498 /* App */ = {
			isa = PBXGroup;
			children = (
				B8A100192B7B1A7000123456 /* BottleKeepApp.swift */,
			);
			path = App;
			sourceTree = "<group>";
		};
		B8A1004B2B7B1A7200123499 /* Models */ = {
			isa = PBXGroup;
			children = (
				B8A100242B7B1A7200123461 /* Bottle+CoreDataClass.swift */,
				B8A100252B7B1A7200123462 /* Bottle+CoreDataProperties.swift */,
				B8A100262B7B1A7200123463 /* BottlePhoto+CoreDataClass.swift */,
				B8A100272B7B1A7200123464 /* BottlePhoto+CoreDataProperties.swift */,
				B8A100282B7B1A7200123465 /* WishlistItem+CoreDataClass.swift */,
				B8A100292B7B1A7200123466 /* WishlistItem+CoreDataProperties.swift */,
			);
			path = Models;
			sourceTree = "<group>";
		};
		B8A1004C2B7B1A7200123500 /* Repositories */ = {
			isa = PBXGroup;
			children = (
				B8A1002A2B7B1A7200123467 /* BottleRepository.swift */,
				B8A1002B2B7B1A7200123468 /* BottleRepositoryProtocol.swift */,
				B8A1002C2B7B1A7200123469 /* WishlistRepository.swift */,
				B8A1002D2B7B1A7200123470 /* WishlistRepositoryProtocol.swift */,
			);
			path = Repositories;
			sourceTree = "<group>";
		};
		B8A1004D2B7B1A7200123501 /* Services */ = {
			isa = PBXGroup;
			children = (
				B8A1002E2B7B1A7200123471 /* AdvancedSearchManager.swift */,
				B8A1002F2B7B1A7200123472 /* BackupManager.swift */,
				B8A100302B7B1A7200123473 /* BarcodeScannerManager.swift */,
				B8A100312B7B1A7200123474 /* CoreDataManager.swift */,
				B8A100322B7B1A7200123475 /* DataExportImportManager.swift */,
				B8A100332B7B1A7200123476 /* DIContainer.swift */,
				B8A100342B7B1A7200123477 /* NotificationManager.swift */,
				B8A100352B7B1A7200123478 /* PhotoManager.swift */,
				B8A100362B7B1A7200123479 /* SharingManager.swift */,
				B8A100372B7B1A7200123480 /* WatchConnectivityManager.swift */,
			);
			path = Services;
			sourceTree = "<group>";
		};
		B8A1004E2B7B1A7200123502 /* ViewModels */ = {
			isa = PBXGroup;
			children = (
				B8A100382B7B1A7200123481 /* BottleDetailViewModel.swift */,
				B8A100392B7B1A7200123482 /* BottleFormViewModel.swift */,
				B8A1003A2B7B1A7200123483 /* BottleListViewModel.swift */,
				B8A1003B2B7B1A7200123484 /* StatisticsViewModel.swift */,
				B8A1003C2B7B1A7200123485 /* WishlistViewModel.swift */,
			);
			path = ViewModels;
			sourceTree = "<group>";
		};
		B8A1004F2B7B1A7200123503 /* Views */ = {
			isa = PBXGroup;
			children = (
				B8A1001B2B7B1A7000123457 /* ContentView.swift */,
				B8A1003D2B7B1A7200123486 /* AccessibilitySettingsView.swift */,
				B8A1003E2B7B1A7200123487 /* AdvancedSearchView.swift */,
				B8A1003F2B7B1A7200123488 /* AppearanceSettingsView.swift */,
				B8A100402B7B1A7200123489 /* BottleDetailView.swift */,
				B8A100412B7B1A7200123490 /* BottleFormView.swift */,
				B8A100422B7B1A7200123491 /* BottleListView.swift */,
				B8A100432B7B1A7200123492 /* FilterOptionsView.swift */,
				B8A100442B7B1A7200123493 /* NotificationSettingsView.swift */,
				B8A100452B7B1A7200123494 /* SettingsView.swift */,
				B8A100462B7B1A7200123495 /* StatisticsView.swift */,
				B8A100472B7B1A7200123496 /* WishlistView.swift */,
			);
			path = Views;
			sourceTree = "<group>";
		};
/* End PBXGroup section */

/* Begin PBXNativeTarget section */
		B8A100152B7B1A7000123452 /* BottleKeep */ = {
			isa = PBXNativeTarget;
			buildConfigurationList = B8A100392B7B1A7200123505 /* Build configuration list for PBXNativeTarget "BottleKeep" */;
			buildPhases = (
				B8A100122B7B1A7000123447 /* Sources */,
				B8A100132B7B1A7000123453 /* Frameworks */,
				B8A100142B7B1A7000123454 /* Resources */,
			);
			buildRules = (
			);
			dependencies = (
			);
			name = BottleKeep;
			productName = BottleKeep;
			productReference = B8A100162B7B1A7000123450 /* BottleKeep.app */;
			productType = "com.apple.product-type.application";
		};
/* End PBXNativeTarget section */

/* Begin PBXProject section */
		B8A1000E2B7B1A7000123448 /* Project object */ = {
			isa = PBXProject;
			attributes = {
				BuildIndependentTargetsInParallel = 1;
				LastSwiftUpdateCheck = 1500;
				LastUpgradeCheck = 1500;
				TargetAttributes = {
					B8A100152B7B1A7000123452 = {
						CreatedOnToolsVersion = 15.0;
					};
				};
			};
			buildConfigurationList = B8A100112B7B1A7000123449 /* Build configuration list for PBXProject "BottleKeep" */;
			compatibilityVersion = "Xcode 14.0";
			developmentRegion = ja;
			hasScannedForEncodings = 0;
			knownRegions = (
				ja,
				en,
				Base,
			);
			mainGroup = B8A1000D2B7B1A7000123451;
			productRefGroup = B8A100172B7B1A7000123454 /* Products */;
			projectDirPath = "";
			projectRoot = "";
			targets = (
				B8A100152B7B1A7000123452 /* BottleKeep */,
			);
		};
/* End PBXProject section */

/* Begin PBXResourcesBuildPhase section */
		B8A100142B7B1A7000123454 /* Resources */ = {
			isa = PBXResourcesBuildPhase;
			buildActionMask = 2147483647;
			files = (
				B8A100212B7B1A7200123459 /* Preview Assets.xcassets in Resources */,
				B8A1001E2B7B1A7200123458 /* Assets.xcassets in Resources */,
			);
			runOnlyForDeploymentPostprocessing = 0;
		};
/* End PBXResourcesBuildPhase section */

/* Begin PBXSourcesBuildPhase section */
		B8A100122B7B1A7000123447 /* Sources */ = {
			isa = PBXSourcesBuildPhase;
			buildActionMask = 2147483647;
			files = (
				B8A100232B7B1A7200123460 /* BottleKeep.xcdatamodeld in Sources */,
				B8A1001C2B7B1A7000123457 /* ContentView.swift in Sources */,
				B8A1001A2B7B1A7000123456 /* BottleKeepApp.swift in Sources */,
				B8A100252B7B1A7200123461 /* Bottle+CoreDataClass.swift in Sources */,
				B8A100262B7B1A7200123462 /* Bottle+CoreDataProperties.swift in Sources */,
				B8A100272B7B1A7200123463 /* BottlePhoto+CoreDataClass.swift in Sources */,
				B8A100282B7B1A7200123464 /* BottlePhoto+CoreDataProperties.swift in Sources */,
				B8A100292B7B1A7200123465 /* WishlistItem+CoreDataClass.swift in Sources */,
				B8A1002A2B7B1A7200123466 /* WishlistItem+CoreDataProperties.swift in Sources */,
				B8A1002B2B7B1A7200123467 /* BottleRepository.swift in Sources */,
				B8A1002C2B7B1A7200123468 /* BottleRepositoryProtocol.swift in Sources */,
				B8A1002D2B7B1A7200123469 /* WishlistRepository.swift in Sources */,
				B8A1002E2B7B1A7200123470 /* WishlistRepositoryProtocol.swift in Sources */,
				B8A1002F2B7B1A7200123471 /* AdvancedSearchManager.swift in Sources */,
				B8A100302B7B1A7200123472 /* BackupManager.swift in Sources */,
				B8A100312B7B1A7200123473 /* BarcodeScannerManager.swift in Sources */,
				B8A100322B7B1A7200123474 /* CoreDataManager.swift in Sources */,
				B8A100332B7B1A7200123475 /* DataExportImportManager.swift in Sources */,
				B8A100342B7B1A7200123476 /* DIContainer.swift in Sources */,
				B8A100352B7B1A7200123477 /* NotificationManager.swift in Sources */,
				B8A100362B7B1A7200123478 /* PhotoManager.swift in Sources */,
				B8A100372B7B1A7200123479 /* SharingManager.swift in Sources */,
				B8A100382B7B1A7200123480 /* WatchConnectivityManager.swift in Sources */,
				B8A100392B7B1A7200123481 /* BottleDetailViewModel.swift in Sources */,
				B8A1003A2B7B1A7200123482 /* BottleFormViewModel.swift in Sources */,
				B8A1003B2B7B1A7200123483 /* BottleListViewModel.swift in Sources */,
				B8A1003C2B7B1A7200123484 /* StatisticsViewModel.swift in Sources */,
				B8A1003D2B7B1A7200123485 /* WishlistViewModel.swift in Sources */,
				B8A1003E2B7B1A7200123486 /* AccessibilitySettingsView.swift in Sources */,
				B8A1003F2B7B1A7200123487 /* AdvancedSearchView.swift in Sources */,
				B8A100402B7B1A7200123488 /* AppearanceSettingsView.swift in Sources */,
				B8A100412B7B1A7200123489 /* BottleDetailView.swift in Sources */,
				B8A100422B7B1A7200123490 /* BottleFormView.swift in Sources */,
				B8A100432B7B1A7200123491 /* BottleListView.swift in Sources */,
				B8A100442B7B1A7200123492 /* FilterOptionsView.swift in Sources */,
				B8A100452B7B1A7200123493 /* NotificationSettingsView.swift in Sources */,
				B8A100462B7B1A7200123494 /* SettingsView.swift in Sources */,
				B8A100472B7B1A7200123495 /* StatisticsView.swift in Sources */,
				B8A100482B7B1A7200123496 /* WishlistView.swift in Sources */,
			);
			runOnlyForDeploymentPostprocessing = 0;
		};
/* End PBXSourcesBuildPhase section */

/* Begin PBXVariantGroup section */
		B8A100222B7B1A7200123460 /* BottleKeep.xcdatamodeld */ = {
			isa = PBXVariantGroup;
			children = (
				B8A100232B7B1A7200123460 /* BottleKeep.xcdatamodel */,
			);
			currentVersion = B8A100232B7B1A7200123460 /* BottleKeep.xcdatamodel */;
			path = BottleKeep.xcdatamodeld;
			sourceTree = "<group>";
			versionGroupType = wrapper.xcdatamodel;
		};
/* End PBXVariantGroup section */

/* Begin XCBuildConfiguration section */
		B8A100372B7B1A7200123506 /* Debug */ = {
			isa = XCBuildConfiguration;
			buildSettings = {
				ALWAYS_SEARCH_USER_PATHS = NO;
				ASSETCATALOG_COMPILER_GENERATE_SWIFT_ASSET_SYMBOL_EXTENSIONS = YES;
				CLANG_ANALYZER_NONNULL = YES;
				CLANG_ANALYZER_NUMBER_OBJECT_CONVERSION = YES_AGGRESSIVE;
				CLANG_CXX_LANGUAGE_STANDARD = "gnu++20";
				CLANG_ENABLE_MODULES = YES;
				CLANG_ENABLE_OBJC_ARC = YES;
				CLANG_ENABLE_OBJC_WEAK = YES;
				CLANG_WARN_BLOCK_CAPTURE_AUTORELEASING = YES;
				CLANG_WARN_BOOL_CONVERSION = YES;
				CLANG_WARN_COMMA = YES;
				CLANG_WARN_CONSTANT_CONVERSION = YES;
				CLANG_WARN_DEPRECATED_OBJC_IMPLEMENTATIONS = YES;
				CLANG_WARN_DIRECT_OBJC_ISA_USAGE = YES_ERROR;
				CLANG_WARN_DOCUMENTATION_COMMENTS = YES;
				CLANG_WARN_EMPTY_BODY = YES;
				CLANG_WARN_ENUM_CONVERSION = YES;
				CLANG_WARN_INFINITE_RECURSION = YES;
				CLANG_WARN_INT_CONVERSION = YES;
				CLANG_WARN_NON_LITERAL_NULL_CONVERSION = YES;
				CLANG_WARN_OBJC_IMPLICIT_RETAIN_SELF = YES;
				CLANG_WARN_OBJC_LITERAL_CONVERSION = YES;
				CLANG_WARN_OBJC_ROOT_CLASS = YES_ERROR;
				CLANG_WARN_QUOTED_INCLUDE_IN_FRAMEWORK_HEADER = YES;
				CLANG_WARN_RANGE_LOOP_ANALYSIS = YES;
				CLANG_WARN_STRICT_PROTOTYPES = YES;
				CLANG_WARN_SUSPICIOUS_MOVE = YES;
				CLANG_WARN_UNGUARDED_AVAILABILITY = YES_AGGRESSIVE;
				CLANG_WARN_UNREACHABLE_CODE = YES;
				CLANG_WARN__DUPLICATE_METHOD_MATCH = YES;
				COPY_PHASE_STRIP = NO;
				DEBUG_INFORMATION_FORMAT = dwarf;
				ENABLE_STRICT_OBJC_MSGSEND = YES;
				ENABLE_TESTABILITY = YES;
				ENABLE_USER_SCRIPT_SANDBOXING = YES;
				GCC_C_LANGUAGE_STANDARD = gnu17;
				GCC_DYNAMIC_NO_PIC = NO;
				GCC_NO_COMMON_BLOCKS = YES;
				GCC_OPTIMIZATION_LEVEL = 0;
				GCC_PREPROCESSOR_DEFINITIONS = (
					"DEBUG=1",
					"$(inherited)",
				);
				GCC_WARN_64_TO_32_BIT_CONVERSION = YES;
				GCC_WARN_ABOUT_RETURN_TYPE = YES_ERROR;
				GCC_WARN_UNDECLARED_SELECTOR = YES;
				GCC_WARN_UNINITIALIZED_AUTOS = YES_AGGRESSIVE;
				GCC_WARN_UNUSED_FUNCTION = YES;
				GCC_WARN_UNUSED_VARIABLE = YES;
				IPHONEOS_DEPLOYMENT_TARGET = 15.0;
				LOCALIZATION_PREFERS_STRING_CATALOGS = YES;
				MTL_ENABLE_DEBUG_INFO = INCLUDE_SOURCE;
				MTL_FAST_MATH = YES;
				ONLY_ACTIVE_ARCH = YES;
				SDKROOT = iphoneos;
				SWIFT_ACTIVE_COMPILATION_CONDITIONS = "DEBUG $(inherited)";
				SWIFT_OPTIMIZATION_LEVEL = "-Onone";
			};
			name = Debug;
		};
		B8A100382B7B1A7200123507 /* Release */ = {
			isa = XCBuildConfiguration;
			buildSettings = {
				ALWAYS_SEARCH_USER_PATHS = NO;
				ASSETCATALOG_COMPILER_GENERATE_SWIFT_ASSET_SYMBOL_EXTENSIONS = YES;
				CLANG_ANALYZER_NONNULL = YES;
				CLANG_ANALYZER_NUMBER_OBJECT_CONVERSION = YES_AGGRESSIVE;
				CLANG_CXX_LANGUAGE_STANDARD = "gnu++20";
				CLANG_ENABLE_MODULES = YES;
				CLANG_ENABLE_OBJC_ARC = YES;
				CLANG_ENABLE_OBJC_WEAK = YES;
				CLANG_WARN_BLOCK_CAPTURE_AUTORELEASING = YES;
				CLANG_WARN_BOOL_CONVERSION = YES;
				CLANG_WARN_COMMA = YES;
				CLANG_WARN_CONSTANT_CONVERSION = YES;
				CLANG_WARN_DEPRECATED_OBJC_IMPLEMENTATIONS = YES;
				CLANG_WARN_DIRECT_OBJC_ISA_USAGE = YES_ERROR;
				CLANG_WARN_DOCUMENTATION_COMMENTS = YES;
				CLANG_WARN_EMPTY_BODY = YES;
				CLANG_WARN_ENUM_CONVERSION = YES;
				CLANG_WARN_INFINITE_RECURSION = YES;
				CLANG_WARN_INT_CONVERSION = YES;
				CLANG_WARN_NON_LITERAL_NULL_CONVERSION = YES;
				CLANG_WARN_OBJC_IMPLICIT_RETAIN_SELF = YES;
				CLANG_WARN_OBJC_LITERAL_CONVERSION = YES;
				CLANG_WARN_OBJC_ROOT_CLASS = YES_ERROR;
				CLANG_WARN_QUOTED_INCLUDE_IN_FRAMEWORK_HEADER = YES;
				CLANG_WARN_RANGE_LOOP_ANALYSIS = YES;
				CLANG_WARN_STRICT_PROTOTYPES = YES;
				CLANG_WARN_SUSPICIOUS_MOVE = YES;
				CLANG_WARN_UNGUARDED_AVAILABILITY = YES_AGGRESSIVE;
				CLANG_WARN_UNREACHABLE_CODE = YES;
				CLANG_WARN__DUPLICATE_METHOD_MATCH = YES;
				COPY_PHASE_STRIP = NO;
				DEBUG_INFORMATION_FORMAT = "dwarf-with-dsym";
				ENABLE_NS_ASSERTIONS = NO;
				ENABLE_STRICT_OBJC_MSGSEND = YES;
				ENABLE_USER_SCRIPT_SANDBOXING = YES;
				GCC_C_LANGUAGE_STANDARD = gnu17;
				GCC_NO_COMMON_BLOCKS = YES;
				GCC_WARN_64_TO_32_BIT_CONVERSION = YES;
				GCC_WARN_ABOUT_RETURN_TYPE = YES_ERROR;
				GCC_WARN_UNDECLARED_SELECTOR = YES;
				GCC_WARN_UNINITIALIZED_AUTOS = YES_AGGRESSIVE;
				GCC_WARN_UNUSED_FUNCTION = YES;
				GCC_WARN_UNUSED_VARIABLE = YES;
				IPHONEOS_DEPLOYMENT_TARGET = 15.0;
				LOCALIZATION_PREFERS_STRING_CATALOGS = YES;
				MTL_ENABLE_DEBUG_INFO = NO;
				MTL_FAST_MATH = YES;
				SDKROOT = iphoneos;
				SWIFT_COMPILATION_MODE = wholemodule;
				VALIDATE_PRODUCT = YES;
			};
			name = Release;
		};
		B8A1003A2B7B1A7200123508 /* Debug */ = {
			isa = XCBuildConfiguration;
			buildSettings = {
				ASSETCATALOG_COMPILER_APPICON_NAME = AppIcon;
				ASSETCATALOG_COMPILER_GLOBAL_ACCENT_COLOR_NAME = AccentColor;
				CODE_SIGN_STYLE = Automatic;
				CURRENT_PROJECT_VERSION = 1;
				DEVELOPMENT_ASSET_PATHS = "\"BottleKeep/Preview Content\"";
				DEVELOPMENT_TEAM = KRVLW3Y2SL;
				ENABLE_PREVIEWS = YES;
				GENERATE_INFOPLIST_FILE = NO;
				INFOPLIST_FILE = BottleKeep/Info.plist;
				INFOPLIST_KEY_NSCameraUsageDescription = "ボトルの写真を撮影するためにカメラを使用します";
				INFOPLIST_KEY_NSPhotoLibraryUsageDescription = "ボトルの写真を選択するためにフォトライブラリにアクセスします";
				INFOPLIST_KEY_UIApplicationSceneManifest_Generation = YES;
				INFOPLIST_KEY_UIApplicationSupportsIndirectInputEvents = YES;
				INFOPLIST_KEY_UILaunchScreen_Generation = YES;
				INFOPLIST_KEY_UISupportedInterfaceOrientations_iPad = "UIInterfaceOrientationPortrait UIInterfaceOrientationPortraitUpsideDown UIInterfaceOrientationLandscapeLeft UIInterfaceOrientationLandscapeRight";
				INFOPLIST_KEY_UISupportedInterfaceOrientations_iPhone = "UIInterfaceOrientationPortrait UIInterfaceOrientationLandscapeLeft UIInterfaceOrientationLandscapeRight";
				IPHONEOS_DEPLOYMENT_TARGET = 15.0;
				LD_RUNPATH_SEARCH_PATHS = (
					"$(inherited)",
					"@executable_path/Frameworks",
				);
				MARKETING_VERSION = 1.0;
				PRODUCT_BUNDLE_IDENTIFIER = com.bottlekeep.whiskey;
				PRODUCT_NAME = "$(TARGET_NAME)";
				SWIFT_EMIT_LOC_STRINGS = YES;
				SWIFT_VERSION = 5.0;
				TARGETED_DEVICE_FAMILY = "1,2";
			};
			name = Debug;
		};
		B8A1003B2B7B1A7200123509 /* Release */ = {
			isa = XCBuildConfiguration;
			buildSettings = {
				ASSETCATALOG_COMPILER_APPICON_NAME = AppIcon;
				ASSETCATALOG_COMPILER_GLOBAL_ACCENT_COLOR_NAME = AccentColor;
				CODE_SIGN_STYLE = Automatic;
				CURRENT_PROJECT_VERSION = 1;
				DEVELOPMENT_ASSET_PATHS = "\"BottleKeep/Preview Content\"";
				DEVELOPMENT_TEAM = KRVLW3Y2SL;
				ENABLE_PREVIEWS = YES;
				GENERATE_INFOPLIST_FILE = NO;
				INFOPLIST_FILE = BottleKeep/Info.plist;
				INFOPLIST_KEY_NSCameraUsageDescription = "ボトルの写真を撮影するためにカメラを使用します";
				INFOPLIST_KEY_NSPhotoLibraryUsageDescription = "ボトルの写真を選択するためにフォトライブラリにアクセスします";
				INFOPLIST_KEY_UIApplicationSceneManifest_Generation = YES;
				INFOPLIST_KEY_UIApplicationSupportsIndirectInputEvents = YES;
				INFOPLIST_KEY_UILaunchScreen_Screen_Generation = YES;
				INFOPLIST_KEY_UISupportedInterfaceOrientations_iPad = "UIInterfaceOrientationPortrait UIInterfaceOrientationPortraitUpsideDown UIInterfaceOrientationLandscapeLeft UIInterfaceOrientationLandscapeRight";
				INFOPLIST_KEY_UISupportedInterfaceOrientations_iPhone = "UIInterfaceOrientationPortrait UIInterfaceOrientationLandscapeLeft UIInterfaceOrientationLandscapeRight";
				IPHONEOS_DEPLOYMENT_TARGET = 15.0;
				LD_RUNPATH_SEARCH_PATHS = (
					"$(inherited)",
					"@executable_path/Frameworks",
				);
				MARKETING_VERSION = 1.0;
				PRODUCT_BUNDLE_IDENTIFIER = com.bottlekeep.whiskey;
				PRODUCT_NAME = "$(TARGET_NAME)";
				SWIFT_EMIT_LOC_STRINGS = YES;
				SWIFT_VERSION = 5.0;
				TARGETED_DEVICE_FAMILY = "1,2";
			};
			name = Release;
		};
/* End XCBuildConfiguration section */

/* Begin XCConfigurationList section */
		B8A100112B7B1A7000123449 /* Build configuration list for PBXProject "BottleKeep" */ = {
			isa = XCConfigurationList;
			buildConfigurations = (
				B8A100372B7B1A7200123506 /* Debug */,
				B8A100382B7B1A7200123507 /* Release */,
			);
			defaultConfigurationIsVisible = 0;
			defaultConfigurationName = Release;
		};
		B8A100392B7B1A7200123505 /* Build configuration list for PBXNativeTarget "BottleKeep" */ = {
			isa = XCConfigurationList;
			buildConfigurations = (
				B8A1003A2B7B1A7200123508 /* Debug */,
				B8A1003B2B7B1A7200123509 /* Release */,
			);
			defaultConfigurationIsVisible = 0;
			defaultConfigurationName = Release;
		};
/* End XCConfigurationList section */
	};
	rootObject = B8A1000E2B7B1A7000123448 /* Project object */;
}